// !$*UTF8*$!
{
	archiveVersion = 1;
	classes = {
	};
	objectVersion = 46;
	objects = {

/* Begin PBXBuildFile section */
		79A408781BAF4B0B00C87A05 /* main.c in Sources */ = {isa = PBXBuildFile; fileRef = 79A408771BAF4B0B00C87A05 /* main.c */; };
/* End PBXBuildFile section */

/* Begin PBXCopyFilesBuildPhase section */
		79A408721BAF4B0B00C87A05 /* CopyFiles */ = {
			isa = PBXCopyFilesBuildPhase;
			buildActionMask = 2147483647;
			dstPath = /usr/share/man/man1/;
			dstSubfolderSpec = 0;
			files = (
			);
			runOnlyForDeploymentPostprocessing = 1;
		};
/* End PBXCopyFilesBuildPhase section */

/* Begin PBXFileReference section */
		79A408741BAF4B0B00C87A05 /* lista2 */ = {isa = PBXFileReference; explicitFileType = "compiled.mach-o.executable"; includeInIndex = 0; path = lista2; sourceTree = BUILT_PRODUCTS_DIR; };
		79A408771BAF4B0B00C87A05 /* main.c */ = {isa = PBXFileReference; lastKnownFileType = sourcecode.c.c; path = main.c; sourceTree = "<group>"; };
/* End PBXFileReference section */

/* Begin PBXFrameworksBuildPhase section */
		79A408711BAF4B0B00C87A05 /* Frameworks */ = {
			isa = PBXFrameworksBuildPhase;
			buildActionMask = 2147483647;
			files = (
			);
			runOnlyForDeploymentPostprocessing = 0;
		};
/* End PBXFrameworksBuildPhase section */

/* Begin PBXGroup section */
		79A4086B1BAF4B0B00C87A05 = {
			isa = PBXGroup;
			children = (
				79A408761BAF4B0B00C87A05 /* lista2 */,
				79A408751BAF4B0B00C87A05 /* Products */,
			);
			sourceTree = "<group>";
		};
		79A408751BAF4B0B00C87A05 /* Products */ = {
			isa = PBXGroup;
			children = (
				79A408741BAF4B0B00C87A05 /* lista2 */,
			);
			name = Products;
			sourceTree = "<group>";
		};
		79A408761BAF4B0B00C87A05 /* lista2 */ = {
			isa = PBXGroup;
			children = (
				79A408771BAF4B0B00C87A05 /* main.c */,
			);
			path = lista2;
			sourceTree = "<group>";
		};
/* End PBXGroup section */

/* Begin PBXNativeTarget section */
		79A408731BAF4B0B00C87A05 /* lista2 */ = {
			isa = PBXNativeTarget;
			buildConfigurationList = 79A4087B1BAF4B0B00C87A05 /* Build configuration list for PBXNativeTarget "lista2" */;
			buildPhases = (
				79A408701BAF4B0B00C87A05 /* Sources */,
				79A408711BAF4B0B00C87A05 /* Frameworks */,
				79A408721BAF4B0B00C87A05 /* CopyFiles */,
			);
			buildRules = (
			);
			dependencies = (
			);
			name = lista2;
			productName = lista2;
			productReference = 79A408741BAF4B0B00C87A05 /* lista2 */;
			productType = "com.apple.product-type.tool";
		};
/* End PBXNativeTarget section */

/* Begin PBXProject section */
		79A4086C1BAF4B0B00C87A05 /* Project object */ = {
			isa = PBXProject;
			attributes = {
				LastUpgradeCheck = 0700;
				ORGANIZATIONNAME = "Wallace Junior";
				TargetAttributes = {
					79A408731BAF4B0B00C87A05 = {
						CreatedOnToolsVersion = 7.0;
					};
				};
			};
			buildConfigurationList = 79A4086F1BAF4B0B00C87A05 /* Build configuration list for PBXProject "lista2" */;
			compatibilityVersion = "Xcode 3.2";
			developmentRegion = English;
			hasScannedForEncodings = 0;
			knownRegions = (
				en,
			);
			mainGroup = 79A4086B1BAF4B0B00C87A05;
			productRefGroup = 79A408751BAF4B0B00C87A05 /* Products */;
			projectDirPath = "";
			projectRoot = "";
			targets = (
				79A408731BAF4B0B00C87A05 /* lista2 */,
			);
		};
/* End PBXProject section */

/* Begin PBXSourcesBuildPhase section */
		79A408701BAF4B0B00C87A05 /* Sources */ = {
			isa = PBXSourcesBuildPhase;
			buildActionMask = 2147483647;
			files = (
				79A408781BAF4B0B00C87A05 /* main.c in Sources */,
			);
			runOnlyForDeploymentPostprocessing = 0;
		};
/* End PBXSourcesBuildPhase section */

/* Begin XCBuildConfiguration section */
		79A408791BAF4B0B00C87A05 /* Debug */ = {
			isa = XCBuildConfiguration;
			buildSettings = {
				ALWAYS_SEARCH_USER_PATHS = NO;
				CLANG_CXX_LANGUAGE_STANDARD = "gnu++0x";
				CLANG_CXX_LIBRARY = "libc++";
				CLANG_ENABLE_MODULES = YES;
				CLANG_ENABLE_OBJC_ARC = YES;
				CLANG_WARN_BOOL_CONVERSION = YES;
				CLANG_WARN_CONSTANT_CONVERSION = YES;
				CLANG_WARN_DIRECT_OBJC_ISA_USAGE = YES_ERROR;
				CLANG_WARN_EMPTY_BODY = YES;
				CLANG_WARN_ENUM_CONVERSION = YES;
				CLANG_WARN_INT_CONVERSION = YES;
				CLANG_WARN_OBJC_ROOT_CLASS = YES_ERROR;
				CLANG_WARN_UNREACHABLE_CODE = YES;
				CLANG_WARN__DUPLICATE_METHOD_MATCH = YES;
				COPY_PHASE_STRIP = NO;
				DEBUG_INFORMATION_FORMAT = dwarf;
				ENABLE_STRICT_OBJC_MSGSEND = YES;
				ENABLE_TESTABILITY = YES;
				GCC_C_LANGUAGE_STANDARD = gnu99;
				GCC_DYNAMIC_NO_PIC = NO;
				GCC_NO_COMMON_BLOCKS = YES;
				GCC_OPTIMIZATION_LEVEL = 0;
				GCC_PREPROCESSOR_DEFINITIONS = (
					"DEBUG=1",
					"$(inherited)",
				);
				GCC_WARN_64_TO_32_BIT_CONVERSION = YES;
				GCC_WARN_ABOUT_RETURN_TYPE = YES_ERROR;
				GCC_WARN_UNDECLARED_SELECTOR = YES;
				GCC_WARN_UNINITIALIZED_AUTOS = YES_AGGRESSIVE;
				GCC_WARN_UNUSED_FUNCTION = YES;
				GCC_WARN_UNUSED_VARIABLE = YES;
				MACOSX_DEPLOYMENT_TARGET = 10.10;
				MTL_ENABLE_DEBUG_INFO = YES;
				ONLY_ACTIVE_ARCH = YES;
				SDKROOT = macosx;
			};
			name = Debug;
		};
		79A4087A1BAF4B0B00C87A05 /* Release */ = {
			isa = XCBuildConfiguration;
			buildSettings = {
				ALWAYS_SEARCH_USER_PATHS = NO;
				CLANG_CXX_LANGUAGE_STANDARD = "gnu++0x";
				CLANG_CXX_LIBRARY = "libc++";
				CLANG_ENABLE_MODULES = YES;
				CLANG_ENABLE_OBJC_ARC = YES;
				CLANG_WARN_BOOL_CONVERSION = YES;
				CLANG_WARN_CONSTANT_CONVERSION = YES;
				CLANG_WARN_DIRECT_OBJC_ISA_USAGE = YES_ERROR;
				CLANG_WARN_EMPTY_BODY = YES;
				CLANG_WARN_ENUM_CONVERSION = YES;
				CLANG_WARN_INT_CONVERSION = YES;
				CLANG_WARN_OBJC_ROOT_CLASS = YES_ERROR;
				CLANG_WARN_UNREACHABLE_CODE = YES;
				CLANG_WARN__DUPLICATE_METHOD_MATCH = YES;
				COPY_PHASE_STRIP = NO;
				DEBUG_INFORMATION_FORMAT = "dwarf-with-dsym";
				ENABLE_NS_ASSERTIONS = NO;
				ENABLE_STRICT_OBJC_MSGSEND = YES;
				GCC_C_LANGUAGE_STANDARD = gnu99;
				GCC_NO_COMMON_BLOCKS = YES;
				GCC_WARN_64_TO_32_BIT_CONVERSION = YES;
				GCC_WARN_ABOUT_RETURN_TYPE = YES_ERROR;
				GCC_WARN_UNDECLARED_SELECTOR = YES;
				GCC_WARN_UNINITIALIZED_AUTOS = YES_AGGRESSIVE;
				GCC_WARN_UNUSED_FUNCTION = YES;
				GCC_WARN_UNUSED_VARIABLE = YES;
				MACOSX_DEPLOYMENT_TARGET = 10.10;
				MTL_ENABLE_DEBUG_INFO = NO;
				SDKROOT = macosx;
			};
			name = Release;
		};
		79A4087C1BAF4B0B00C87A05 /* Debug */ = {
			isa = XCBuildConfiguration;
			buildSettings = {
				PRODUCT_NAME = "$(TARGET_NAME)";
			};
			name = Debug;
		};
		79A4087D1BAF4B0B00C87A05 /* Release */ = {
			isa = XCBuildConfiguration;
			buildSettings = {
				PRODUCT_NAME = "$(TARGET_NAME)";
			};
			name = Release;
		};
/* End XCBuildConfiguration section */

/* Begin XCConfigurationList section */
		79A4086F1BAF4B0B00C87A05 /* Build configuration list for PBXProject "lista2" */ = {
			isa = XCConfigurationList;
			buildConfigurations = (
				79A408791BAF4B0B00C87A05 /* Debug */,
				79A4087A1BAF4B0B00C87A05 /* Release */,
			);
			defaultConfigurationIsVisible = 0;
			defaultConfigurationName = Release;
		};
		79A4087B1BAF4B0B00C87A05 /* Build configuration list for PBXNativeTarget "lista2" */ = {
			isa = XCConfigurationList;
			buildConfigurations = (
				79A4087C1BAF4B0B00C87A05 /* Debug */,
				79A4087D1BAF4B0B00C87A05 /* Release */,
			);
			defaultConfigurationIsVisible = 0;
		};
/* End XCConfigurationList section */
	};
	rootObject = 79A4086C1BAF4B0B00C87A05 /* Project object */;
}
